
Microsoft Visual Studio Solution File, Format Version 12.00
# Visual Studio Version 16
VisualStudioVersion = 16.0.29806.167
MinimumVisualStudioVersion = 10.0.40219.1
Project("{2150E333-8FDC-42A3-9474-1A3956D46DE8}") = "Microservices", "Microservices", "{2330944F-5E6D-4D9D-A007-9794FC5124E7}"
EndProject
Project("{2150E333-8FDC-42A3-9474-1A3956D46DE8}") = "Domain", "Domain", "{7FA067E2-C3D8-4C8D-A8F8-52D7564A55AD}"
EndProject
Project("{2150E333-8FDC-42A3-9474-1A3956D46DE8}") = "Infra.Bus", "Infra.Bus", "{97B45C4D-A706-4E17-BC74-C81679C79B9B}"
EndProject
Project("{2150E333-8FDC-42A3-9474-1A3956D46DE8}") = "Infra.IoC", "Infra.IoC", "{21E73E30-5185-4171-8658-83C1502FC2B2}"
EndProject
Project("{2150E333-8FDC-42A3-9474-1A3956D46DE8}") = "Presentation", "Presentation", "{A04B175E-6091-4863-AF3D-646BFE568003}"
EndProject
Project("{FAE04EC0-301F-11D3-BF4B-00C04F79EFBC}") = "MicroRabbit.Domain.Core", "MicroRabbit.Domain.Core\MicroRabbit.Domain.Core.csproj", "{DCE7FB88-B7CE-40A5-9E74-0F3EE7E77865}"
EndProject
Global
	GlobalSection(SolutionConfigurationPlatforms) = preSolution
		Debug|Any CPU = Debug|Any CPU
		Release|Any CPU = Release|Any CPU
	EndGlobalSection
	GlobalSection(ProjectConfigurationPlatforms) = postSolution
		{DCE7FB88-B7CE-40A5-9E74-0F3EE7E77865}.Debug|Any CPU.ActiveCfg = Debug|Any CPU
		{DCE7FB88-B7CE-40A5-9E74-0F3EE7E77865}.Debug|Any CPU.Build.0 = Debug|Any CPU
		{DCE7FB88-B7CE-40A5-9E74-0F3EE7E77865}.Release|Any CPU.ActiveCfg = Release|Any CPU
		{DCE7FB88-B7CE-40A5-9E74-0F3EE7E77865}.Release|Any CPU.Build.0 = Release|Any CPU
	EndGlobalSection
	GlobalSection(SolutionProperties) = preSolution
		HideSolutionNode = FALSE
	EndGlobalSection
	GlobalSection(NestedProjects) = preSolution
		{DCE7FB88-B7CE-40A5-9E74-0F3EE7E77865} = {7FA067E2-C3D8-4C8D-A8F8-52D7564A55AD}
	EndGlobalSection
	GlobalSection(ExtensibilityGlobals) = postSolution
		SolutionGuid = {E71D35B8-5110-4866-8852-9A9032BC25A6}
	EndGlobalSection
EndGlobal
